PODS:
  - FlutterMacOS (1.0.0)
  - path_provider_macos (0.0.1):
    - FlutterMacOS
  - veilid (0.0.1):
    - FlutterMacOS

DEPENDENCIES:
  - FlutterMacOS (from `Flutter/ephemeral`)
  - path_provider_macos (from `Flutter/ephemeral/.symlinks/plugins/path_provider_macos/macos`)
  - veilid (from `Flutter/ephemeral/.symlinks/plugins/veilid/macos`)

EXTERNAL SOURCES:
  FlutterMacOS:
    :path: Flutter/ephemeral
  path_provider_macos:
    :path: Flutter/ephemeral/.symlinks/plugins/path_provider_macos/macos
  veilid:
    :path: Flutter/ephemeral/.symlinks/plugins/veilid/macos

SPEC CHECKSUMS:
  FlutterMacOS: ae6af50a8ea7d6103d888583d46bd8328a7e9811
  path_provider_macos: 3c0c3b4b0d4a76d2bf989a913c2de869c5641a19
  veilid: f2b3b5b3ac8cd93fc5443ab830d5153575dacf36

PODFILE CHECKSUM: 4ccbce18f83e3892ae919944d8803eb392455cb9

COCOAPODS: 1.11.3
